{
  "nodes": {
    "crane": {
      "locked": {
        "lastModified": 1772080396,
        "narHash": "sha256-84W9UNtSk9DNMh43WBkOjpkbfODlmg+RDi854PnNgLE=",
        "owner": "ipetkov",
        "repo": "crane",
        "rev": "8525580bc0316c39dbfa18bd09a1331e98c9e463",
        "type": "github"
      },
      "original": {
        "owner": "ipetkov",
        "repo": "crane",
        "type": "github"
      }
    },
    "crane_2": {
      "locked": {
        "lastModified": 1771796463,
        "narHash": "sha256-9bCDuUzpwJXcHMQYMS1yNuzYMmKO/CCwCexpjWOl62I=",
        "owner": "ipetkov",
        "repo": "crane",
        "rev": "3d3de3313e263e04894f284ac18177bd26169bad",
        "type": "github"
      },
      "original": {
        "owner": "ipetkov",
        "repo": "crane",
        "type": "github"
      }
    },
    "easykubenix": {
      "locked": {
        "lastModified": 1771374020,
        "narHash": "sha256-JTweNo2EimlhVUQcXUJD/2g+ZTumPcAbIp4EKuSERq0=",
        "owner": "lillecarl",
        "repo": "easykubenix",
        "rev": "88a025fc04889f25b702f79030c6220c3ec48f9b",
        "type": "github"
      },
      "original": {
        "owner": "lillecarl",
        "repo": "easykubenix",
        "type": "github"
      }
    },
    "flake-utils": {
      "inputs": {
        "systems": "systems"
      },
      "locked": {
        "lastModified": 1731533236,
        "narHash": "sha256-l0KFg5HjrsfsO/JpG+r7fRrqm12kzFHyUHqHCVpMMbI=",
        "owner": "numtide",
        "repo": "flake-utils",
        "rev": "11707dc2f618dd54ca8739b309ec4fc024de578b",
        "type": "github"
      },
      "original": {
        "owner": "numtide",
        "repo": "flake-utils",
        "type": "github"
      }
    },
    "flake-utils_2": {
      "inputs": {
        "systems": "systems_2"
      },
      "locked": {
        "lastModified": 1731533236,
        "narHash": "sha256-l0KFg5HjrsfsO/JpG+r7fRrqm12kzFHyUHqHCVpMMbI=",
        "owner": "numtide",
        "repo": "flake-utils",
        "rev": "11707dc2f618dd54ca8739b309ec4fc024de578b",
        "type": "github"
      },
      "original": {
        "owner": "numtide",
        "repo": "flake-utils",
        "type": "github"
      }
    },
    "kilat-app": {
      "inputs": {
        "crane": "crane",
        "nixpkgs": [
          "nixpkgs"
        ],
        "rust-overlay": "rust-overlay"
      },
      "locked": {
        "lastModified": 1772611385,
        "narHash": "sha256-+xfSwHa45Llk60nMuH26FWmtMw4/WsL/cILXSRq0YWU=",
        "ref": "develop",
        "rev": "0290ac5d3056d23fabc703e2fce67f2dc6078f27",
        "revCount": 77,
        "type": "git",
        "url": "ssh://git@github.com/maulanasdqn/kilat-app.git"
      },
      "original": {
        "ref": "develop",
        "type": "git",
        "url": "ssh://git@github.com/maulanasdqn/kilat-app.git"
      }
    },
    "nixpkgs": {
      "locked": {
        "lastModified": 1772585379,
        "narHash": "sha256-zomLtA51H/qXAcjczveQFXPi/GuJUkPdpDeyu5bGI4M=",
        "owner": "NixOS",
        "repo": "nixpkgs",
        "rev": "0fd2db475afdde93c9e4b1625aafb8eb41b99807",
        "type": "github"
      },
      "original": {
        "owner": "NixOS",
        "ref": "nixpkgs-unstable",
        "repo": "nixpkgs",
        "type": "github"
      }
    },
    "personal-website": {
      "inputs": {
        "flake-utils": "flake-utils",
        "nixpkgs": [
          "nixpkgs"
        ]
      },
      "locked": {
        "lastModified": 1767515312,
        "narHash": "sha256-/hJH5PZrKtJk99cKC7UgqhJEulLseGNv9S3Iiusnld0=",
        "owner": "maulanasdqn",
        "repo": "personal-website",
        "rev": "5ad9362a14131a18e121196177649fad99a7ced0",
        "type": "github"
      },
      "original": {
        "owner": "maulanasdqn",
        "ref": "develop",
        "repo": "personal-website",
        "type": "github"
      }
    },
    "roasting-startup": {
      "inputs": {
        "crane": "crane_2",
        "flake-utils": "flake-utils_2",
        "nixpkgs": [
          "nixpkgs"
        ],
        "rust-overlay": "rust-overlay_2"
      },
      "locked": {
        "lastModified": 1772158570,
        "narHash": "sha256-kwbxlgnfScfwdng5qgGBZ01BEoWm96ibBq65/ZqgGqc=",
        "owner": "maulanasdqn",
        "repo": "roasting-startup",
        "rev": "6384efce5ea6ea6beaefb4e5a082dd655caf6538",
        "type": "github"
      },
      "original": {
        "owner": "maulanasdqn",
        "ref": "main",
        "repo": "roasting-startup",
        "type": "github"
      }
    },
    "root": {
      "inputs": {
        "easykubenix": "easykubenix",
        "kilat-app": "kilat-app",
        "nixpkgs": "nixpkgs",
        "personal-website": "personal-website",
        "roasting-startup": "roasting-startup"
      }
    },
    "rust-overlay": {
      "inputs": {
        "nixpkgs": [
          "kilat-app",
          "nixpkgs"
        ]
      },
      "locked": {
        "lastModified": 1772420823,
        "narHash": "sha256-q3oVwz1Rx41D1D+F6vg41kpOkk3Zi3KwnkHEZp7DCGs=",
        "owner": "oxalica",
        "repo": "rust-overlay",
        "rev": "458eea8d905c609e9d889423e6b8a1c7bc2f792c",
        "type": "github"
      },
      "original": {
        "owner": "oxalica",
        "repo": "rust-overlay",
        "type": "github"
      }
    },
    "rust-overlay_2": {
      "inputs": {
        "nixpkgs": [
          "roasting-startup",
          "nixpkgs"
        ]
      },
      "locked": {
        "lastModified": 1771988922,
        "narHash": "sha256-Fc6FHXtfEkLtuVJzd0B6tFYMhmcPLuxr90rWfb/2jtQ=",
        "owner": "oxalica",
        "repo": "rust-overlay",
        "rev": "f4443dc3f0b6c5e6b77d923156943ce816d1fcb9",
        "type": "github"
      },
      "original": {
        "owner": "oxalica",
        "repo": "rust-overlay",
        "type": "github"
      }
    },
    "systems": {
      "locked": {
        "lastModified": 1681028828,
        "narHash": "sha256-Vy1rq5AaRuLzOxct8nz4T6wlgyUR7zLU309k9mBC768=",
        "owner": "nix-systems",
        "repo": "default",
        "rev": "da67096a3b9bf56a91d16901293e51ba5b49a27e",
        "type": "github"
      },
      "original": {
        "owner": "nix-systems",
        "repo": "default",
        "type": "github"
      }
    },
    "systems_2": {
      "locked": {
        "lastModified": 1681028828,
        "narHash": "sha256-Vy1rq5AaRuLzOxct8nz4T6wlgyUR7zLU309k9mBC768=",
        "owner": "nix-systems",
        "repo": "default",
        "rev": "da67096a3b9bf56a91d16901293e51ba5b49a27e",
        "type": "github"
      },
      "original": {
        "owner": "nix-systems",
        "repo": "default",
        "type": "github"
      }
    }
  },
  "root": "root",
  "version": 7
}
